# Generated by pub
# See https://dart.dev/tools/pub/glossary#lockfile
packages:
  formz:
    dependency: "direct main"
    description:
      name: formz
      sha256: ed92f501f4a44b1da9137a025007df773b3732147b413c464158ecd997612ab6
      url: "https://pub.dev"
    source: hosted
    version: "0.4.1"
  very_good_analysis:
    dependency: "direct dev"
    description:
      name: very_good_analysis
      sha256: f50468aa7a642b6b6cb20adc0df2a31ac19b15363edd517de749a31e4990358d
      url: "https://pub.dev"
    source: hosted
    version: "3.0.0"
sdks:
  dart: "3.13.3"
